
Microsoft Visual Studio Solution File, Format Version 12.00
# Visual Studio 15
VisualStudioVersion = 15.0.28307.1705
MinimumVisualStudioVersion = 10.0.40219.1
Project("{FAE04EC0-301F-11D3-BF4B-00C04F79EFBC}") = "VariablesAndDataTypes", "VariablesAndDataTypes\VariablesAndDataTypes.csproj", "{CD7CC921-1F10-4B70-AD94-067796BA8F28}"
EndProject
Project("{FAE04EC0-301F-11D3-BF4B-00C04F79EFBC}") = "Homework", "Homework\Homework.csproj", "{F46676E0-63B5-473F-AFF8-51D1E39902A6}"
EndProject
Global
	GlobalSection(SolutionConfigurationPlatforms) = preSolution
		Debug|Any CPU = Debug|Any CPU
		Release|Any CPU = Release|Any CPU
	EndGlobalSection
	GlobalSection(ProjectConfigurationPlatforms) = postSolution
		{CD7CC921-1F10-4B70-AD94-067796BA8F28}.Debug|Any CPU.ActiveCfg = Debug|Any CPU
		{CD7CC921-1F10-4B70-AD94-067796BA8F28}.Debug|Any CPU.Build.0 = Debug|Any CPU
		{CD7CC921-1F10-4B70-AD94-067796BA8F28}.Release|Any CPU.ActiveCfg = Release|Any CPU
		{CD7CC921-1F10-4B70-AD94-067796BA8F28}.Release|Any CPU.Build.0 = Release|Any CPU
		{F46676E0-63B5-473F-AFF8-51D1E39902A6}.Debug|Any CPU.ActiveCfg = Debug|Any CPU
		{F46676E0-63B5-473F-AFF8-51D1E39902A6}.Debug|Any CPU.Build.0 = Debug|Any CPU
		{F46676E0-63B5-473F-AFF8-51D1E39902A6}.Release|Any CPU.ActiveCfg = Release|Any CPU
		{F46676E0-63B5-473F-AFF8-51D1E39902A6}.Release|Any CPU.Build.0 = Release|Any CPU
	EndGlobalSection
	GlobalSection(SolutionProperties) = preSolution
		HideSolutionNode = FALSE
	EndGlobalSection
	GlobalSection(ExtensibilityGlobals) = postSolution
		SolutionGuid = {FBBFD7B9-EB95-4EA5-8636-8110C702088B}
	EndGlobalSection
EndGlobal
