
Microsoft Visual Studio Solution File, Format Version 12.00
# Visual Studio 15
VisualStudioVersion = 15.0.28307.1705
MinimumVisualStudioVersion = 10.0.40219.1
Project("{FAE04EC0-301F-11D3-BF4B-00C04F79EFBC}") = "Data Types and Type Conversion", "Data Types and Type Conversion\Data Types and Type Conversion.csproj", "{EB5294FC-EF5B-4097-83A6-B4EEA5A46553}"
EndProject
Project("{FAE04EC0-301F-11D3-BF4B-00C04F79EFBC}") = "Homework", "Homework\Homework.csproj", "{856EEC20-10FA-47B3-B001-96F67508EB38}"
EndProject
Global
	GlobalSection(SolutionConfigurationPlatforms) = preSolution
		Debug|Any CPU = Debug|Any CPU
		Release|Any CPU = Release|Any CPU
	EndGlobalSection
	GlobalSection(ProjectConfigurationPlatforms) = postSolution
		{EB5294FC-EF5B-4097-83A6-B4EEA5A46553}.Debug|Any CPU.ActiveCfg = Debug|Any CPU
		{EB5294FC-EF5B-4097-83A6-B4EEA5A46553}.Debug|Any CPU.Build.0 = Debug|Any CPU
		{EB5294FC-EF5B-4097-83A6-B4EEA5A46553}.Release|Any CPU.ActiveCfg = Release|Any CPU
		{EB5294FC-EF5B-4097-83A6-B4EEA5A46553}.Release|Any CPU.Build.0 = Release|Any CPU
		{856EEC20-10FA-47B3-B001-96F67508EB38}.Debug|Any CPU.ActiveCfg = Debug|Any CPU
		{856EEC20-10FA-47B3-B001-96F67508EB38}.Debug|Any CPU.Build.0 = Debug|Any CPU
		{856EEC20-10FA-47B3-B001-96F67508EB38}.Release|Any CPU.ActiveCfg = Release|Any CPU
		{856EEC20-10FA-47B3-B001-96F67508EB38}.Release|Any CPU.Build.0 = Release|Any CPU
	EndGlobalSection
	GlobalSection(SolutionProperties) = preSolution
		HideSolutionNode = FALSE
	EndGlobalSection
	GlobalSection(ExtensibilityGlobals) = postSolution
		SolutionGuid = {09E57DC0-F6C5-41B5-81D4-3B9CB6CE92E7}
	EndGlobalSection
EndGlobal
