
Microsoft Visual Studio Solution File, Format Version 12.00
# Visual Studio 15
VisualStudioVersion = 15.0.28307.1705
MinimumVisualStudioVersion = 10.0.40219.1
Project("{FAE04EC0-301F-11D3-BF4B-00C04F79EFBC}") = "OOP-Inheritance", "OOP-Inheritance\OOP-Inheritance.csproj", "{FF70BD0D-B495-4BCE-BC44-C6257E6EA2A5}"
EndProject
Project("{FAE04EC0-301F-11D3-BF4B-00C04F79EFBC}") = "Static lesson homework", "Static lesson homework\Static lesson homework.csproj", "{BD4C61E7-EE17-4F5A-AEC2-DDC403AA4B2F}"
EndProject
Project("{FAE04EC0-301F-11D3-BF4B-00C04F79EFBC}") = "InnerType", "InnerType\InnerType.csproj", "{DCE42A4A-CAF0-4212-AAD7-E435A6D434F8}"
EndProject
Project("{FAE04EC0-301F-11D3-BF4B-00C04F79EFBC}") = "Homework", "Homework\Homework.csproj", "{1AF49EF2-A9C5-4962-99B5-4F94404386AC}"
EndProject
Global
	GlobalSection(SolutionConfigurationPlatforms) = preSolution
		Debug|Any CPU = Debug|Any CPU
		Release|Any CPU = Release|Any CPU
	EndGlobalSection
	GlobalSection(ProjectConfigurationPlatforms) = postSolution
		{FF70BD0D-B495-4BCE-BC44-C6257E6EA2A5}.Debug|Any CPU.ActiveCfg = Debug|Any CPU
		{FF70BD0D-B495-4BCE-BC44-C6257E6EA2A5}.Debug|Any CPU.Build.0 = Debug|Any CPU
		{FF70BD0D-B495-4BCE-BC44-C6257E6EA2A5}.Release|Any CPU.ActiveCfg = Release|Any CPU
		{FF70BD0D-B495-4BCE-BC44-C6257E6EA2A5}.Release|Any CPU.Build.0 = Release|Any CPU
		{BD4C61E7-EE17-4F5A-AEC2-DDC403AA4B2F}.Debug|Any CPU.ActiveCfg = Debug|Any CPU
		{BD4C61E7-EE17-4F5A-AEC2-DDC403AA4B2F}.Debug|Any CPU.Build.0 = Debug|Any CPU
		{BD4C61E7-EE17-4F5A-AEC2-DDC403AA4B2F}.Release|Any CPU.ActiveCfg = Release|Any CPU
		{BD4C61E7-EE17-4F5A-AEC2-DDC403AA4B2F}.Release|Any CPU.Build.0 = Release|Any CPU
		{DCE42A4A-CAF0-4212-AAD7-E435A6D434F8}.Debug|Any CPU.ActiveCfg = Debug|Any CPU
		{DCE42A4A-CAF0-4212-AAD7-E435A6D434F8}.Debug|Any CPU.Build.0 = Debug|Any CPU
		{DCE42A4A-CAF0-4212-AAD7-E435A6D434F8}.Release|Any CPU.ActiveCfg = Release|Any CPU
		{DCE42A4A-CAF0-4212-AAD7-E435A6D434F8}.Release|Any CPU.Build.0 = Release|Any CPU
		{1AF49EF2-A9C5-4962-99B5-4F94404386AC}.Debug|Any CPU.ActiveCfg = Debug|Any CPU
		{1AF49EF2-A9C5-4962-99B5-4F94404386AC}.Debug|Any CPU.Build.0 = Debug|Any CPU
		{1AF49EF2-A9C5-4962-99B5-4F94404386AC}.Release|Any CPU.ActiveCfg = Release|Any CPU
		{1AF49EF2-A9C5-4962-99B5-4F94404386AC}.Release|Any CPU.Build.0 = Release|Any CPU
	EndGlobalSection
	GlobalSection(SolutionProperties) = preSolution
		HideSolutionNode = FALSE
	EndGlobalSection
	GlobalSection(ExtensibilityGlobals) = postSolution
		SolutionGuid = {A34A9856-BB4E-41BD-A9AF-C04281EDA231}
	EndGlobalSection
EndGlobal
