
Microsoft Visual Studio Solution File, Format Version 12.00
# Visual Studio 15
VisualStudioVersion = 15.0.28307.1705
MinimumVisualStudioVersion = 10.0.40219.1
Project("{FAE04EC0-301F-11D3-BF4B-00C04F79EFBC}") = "Condition Statements", "Condition Statements\Condition Statements.csproj", "{0889CD9F-8D79-4E9B-935B-A463E193B5F2}"
EndProject
Project("{FAE04EC0-301F-11D3-BF4B-00C04F79EFBC}") = "Homework", "Homework\Homework.csproj", "{7D2BC11D-C557-4AE9-985C-5C04C66F9973}"
EndProject
Global
	GlobalSection(SolutionConfigurationPlatforms) = preSolution
		Debug|Any CPU = Debug|Any CPU
		Release|Any CPU = Release|Any CPU
	EndGlobalSection
	GlobalSection(ProjectConfigurationPlatforms) = postSolution
		{0889CD9F-8D79-4E9B-935B-A463E193B5F2}.Debug|Any CPU.ActiveCfg = Debug|Any CPU
		{0889CD9F-8D79-4E9B-935B-A463E193B5F2}.Debug|Any CPU.Build.0 = Debug|Any CPU
		{0889CD9F-8D79-4E9B-935B-A463E193B5F2}.Release|Any CPU.ActiveCfg = Release|Any CPU
		{0889CD9F-8D79-4E9B-935B-A463E193B5F2}.Release|Any CPU.Build.0 = Release|Any CPU
		{7D2BC11D-C557-4AE9-985C-5C04C66F9973}.Debug|Any CPU.ActiveCfg = Debug|Any CPU
		{7D2BC11D-C557-4AE9-985C-5C04C66F9973}.Debug|Any CPU.Build.0 = Debug|Any CPU
		{7D2BC11D-C557-4AE9-985C-5C04C66F9973}.Release|Any CPU.ActiveCfg = Release|Any CPU
		{7D2BC11D-C557-4AE9-985C-5C04C66F9973}.Release|Any CPU.Build.0 = Release|Any CPU
	EndGlobalSection
	GlobalSection(SolutionProperties) = preSolution
		HideSolutionNode = FALSE
	EndGlobalSection
	GlobalSection(ExtensibilityGlobals) = postSolution
		SolutionGuid = {8E4D7488-A62B-4B0A-914F-88306EB61438}
	EndGlobalSection
EndGlobal
