
Microsoft Visual Studio Solution File, Format Version 12.00
# Visual Studio 15
VisualStudioVersion = 15.0.28307.1705
MinimumVisualStudioVersion = 10.0.40219.1
Project("{FAE04EC0-301F-11D3-BF4B-00C04F79EFBC}") = "PartialClass-Enum", "PartialClass-Enum\PartialClass-Enum.csproj", "{77E5AD89-6203-44AE-8637-EFCD7156ECA3}"
EndProject
Project("{FAE04EC0-301F-11D3-BF4B-00C04F79EFBC}") = "Homework", "Homework\Homework.csproj", "{D9BAA5B7-58D4-4E55-B586-D592234EEBA4}"
EndProject
Global
	GlobalSection(SolutionConfigurationPlatforms) = preSolution
		Debug|Any CPU = Debug|Any CPU
		Release|Any CPU = Release|Any CPU
	EndGlobalSection
	GlobalSection(ProjectConfigurationPlatforms) = postSolution
		{77E5AD89-6203-44AE-8637-EFCD7156ECA3}.Debug|Any CPU.ActiveCfg = Debug|Any CPU
		{77E5AD89-6203-44AE-8637-EFCD7156ECA3}.Debug|Any CPU.Build.0 = Debug|Any CPU
		{77E5AD89-6203-44AE-8637-EFCD7156ECA3}.Release|Any CPU.ActiveCfg = Release|Any CPU
		{77E5AD89-6203-44AE-8637-EFCD7156ECA3}.Release|Any CPU.Build.0 = Release|Any CPU
		{D9BAA5B7-58D4-4E55-B586-D592234EEBA4}.Debug|Any CPU.ActiveCfg = Debug|Any CPU
		{D9BAA5B7-58D4-4E55-B586-D592234EEBA4}.Debug|Any CPU.Build.0 = Debug|Any CPU
		{D9BAA5B7-58D4-4E55-B586-D592234EEBA4}.Release|Any CPU.ActiveCfg = Release|Any CPU
		{D9BAA5B7-58D4-4E55-B586-D592234EEBA4}.Release|Any CPU.Build.0 = Release|Any CPU
	EndGlobalSection
	GlobalSection(SolutionProperties) = preSolution
		HideSolutionNode = FALSE
	EndGlobalSection
	GlobalSection(ExtensibilityGlobals) = postSolution
		SolutionGuid = {7AFE8F30-3854-43A1-A196-03C8920B5531}
	EndGlobalSection
EndGlobal
