
Microsoft Visual Studio Solution File, Format Version 12.00
# Visual Studio 15
VisualStudioVersion = 15.0.28307.1705
MinimumVisualStudioVersion = 10.0.40219.1
Project("{FAE04EC0-301F-11D3-BF4B-00C04F79EFBC}") = "HashTable-SortedList-StackQueue-Methods-Part-1", "HashTable-SortedList-StackQueue-Methods-Part-1\HashTable-SortedList-StackQueue-Methods-Part-1.csproj", "{FAA59878-E683-4062-8081-53A55649F2C8}"
EndProject
Project("{FAE04EC0-301F-11D3-BF4B-00C04F79EFBC}") = "Homework", "Homework\Homework.csproj", "{A41B705D-12A5-4AB5-9E2E-CB22A54D9262}"
EndProject
Global
	GlobalSection(SolutionConfigurationPlatforms) = preSolution
		Debug|Any CPU = Debug|Any CPU
		Release|Any CPU = Release|Any CPU
	EndGlobalSection
	GlobalSection(ProjectConfigurationPlatforms) = postSolution
		{FAA59878-E683-4062-8081-53A55649F2C8}.Debug|Any CPU.ActiveCfg = Debug|Any CPU
		{FAA59878-E683-4062-8081-53A55649F2C8}.Debug|Any CPU.Build.0 = Debug|Any CPU
		{FAA59878-E683-4062-8081-53A55649F2C8}.Release|Any CPU.ActiveCfg = Release|Any CPU
		{FAA59878-E683-4062-8081-53A55649F2C8}.Release|Any CPU.Build.0 = Release|Any CPU
		{A41B705D-12A5-4AB5-9E2E-CB22A54D9262}.Debug|Any CPU.ActiveCfg = Debug|Any CPU
		{A41B705D-12A5-4AB5-9E2E-CB22A54D9262}.Debug|Any CPU.Build.0 = Debug|Any CPU
		{A41B705D-12A5-4AB5-9E2E-CB22A54D9262}.Release|Any CPU.ActiveCfg = Release|Any CPU
		{A41B705D-12A5-4AB5-9E2E-CB22A54D9262}.Release|Any CPU.Build.0 = Release|Any CPU
	EndGlobalSection
	GlobalSection(SolutionProperties) = preSolution
		HideSolutionNode = FALSE
	EndGlobalSection
	GlobalSection(ExtensibilityGlobals) = postSolution
		SolutionGuid = {35ED2E6E-75A8-4A82-A068-FB01E1F7A225}
	EndGlobalSection
EndGlobal
