
Microsoft Visual Studio Solution File, Format Version 12.00
# Visual Studio 15
VisualStudioVersion = 15.0.28307.1705
MinimumVisualStudioVersion = 10.0.40219.1
Project("{FAE04EC0-301F-11D3-BF4B-00C04F79EFBC}") = "GenericCollections", "GenericCollections\GenericCollections.csproj", "{C7106D95-C111-448C-881C-21806BFED6A8}"
EndProject
Project("{FAE04EC0-301F-11D3-BF4B-00C04F79EFBC}") = "SortedList-DictionaryCollection", "SortedList-DictionaryCollection\SortedList-DictionaryCollection.csproj", "{9C813F48-6EB7-4435-A67E-51058BF31E42}"
EndProject
Project("{FAE04EC0-301F-11D3-BF4B-00C04F79EFBC}") = "Homework", "Homework\Homework.csproj", "{3024A72E-4945-4773-A65B-308DBB621D16}"
EndProject
Global
	GlobalSection(SolutionConfigurationPlatforms) = preSolution
		Debug|Any CPU = Debug|Any CPU
		Release|Any CPU = Release|Any CPU
	EndGlobalSection
	GlobalSection(ProjectConfigurationPlatforms) = postSolution
		{C7106D95-C111-448C-881C-21806BFED6A8}.Debug|Any CPU.ActiveCfg = Debug|Any CPU
		{C7106D95-C111-448C-881C-21806BFED6A8}.Debug|Any CPU.Build.0 = Debug|Any CPU
		{C7106D95-C111-448C-881C-21806BFED6A8}.Release|Any CPU.ActiveCfg = Release|Any CPU
		{C7106D95-C111-448C-881C-21806BFED6A8}.Release|Any CPU.Build.0 = Release|Any CPU
		{9C813F48-6EB7-4435-A67E-51058BF31E42}.Debug|Any CPU.ActiveCfg = Debug|Any CPU
		{9C813F48-6EB7-4435-A67E-51058BF31E42}.Debug|Any CPU.Build.0 = Debug|Any CPU
		{9C813F48-6EB7-4435-A67E-51058BF31E42}.Release|Any CPU.ActiveCfg = Release|Any CPU
		{9C813F48-6EB7-4435-A67E-51058BF31E42}.Release|Any CPU.Build.0 = Release|Any CPU
		{3024A72E-4945-4773-A65B-308DBB621D16}.Debug|Any CPU.ActiveCfg = Debug|Any CPU
		{3024A72E-4945-4773-A65B-308DBB621D16}.Debug|Any CPU.Build.0 = Debug|Any CPU
		{3024A72E-4945-4773-A65B-308DBB621D16}.Release|Any CPU.ActiveCfg = Release|Any CPU
		{3024A72E-4945-4773-A65B-308DBB621D16}.Release|Any CPU.Build.0 = Release|Any CPU
	EndGlobalSection
	GlobalSection(SolutionProperties) = preSolution
		HideSolutionNode = FALSE
	EndGlobalSection
	GlobalSection(ExtensibilityGlobals) = postSolution
		SolutionGuid = {32C45BCA-C99D-4391-9997-EA692B966C20}
	EndGlobalSection
EndGlobal
